PATH
  remote: /schked
  specs:
    schked (1.4.0)
      connection_pool (~> 2.0)
      logger
      redlock (> 1.0, < 3.0)
      rufus-scheduler (~> 3.0)
      thor

GEM
  remote: https://rubygems.org/
  specs:
    concurrent-ruby (1.3.7)
    connection_pool (2.5.5)
    et-orbi (1.4.0)
      tzinfo
    fugit (1.12.3)
      et-orbi (~> 1.4)
      raabro (~> 1.4)
    logger (1.7.0)
    raabro (1.4.0)
    redis-client (0.30.0)
      connection_pool
    redlock (2.1.0)
      redis-client (>= 0.14.1, < 1.0.0)
    rufus-scheduler (3.9.2)
      fugit (~> 1.1, >= 1.11.1)
    thor (1.5.0)
    tzinfo (2.0.6)
      concurrent-ruby (~> 1.0)

PLATFORMS
  aarch64-linux
  ruby

DEPENDENCIES
  schked!

CHECKSUMS
  concurrent-ruby (1.3.7) sha256=4412caec3a5ea2e5fdc52076724c071a81f2c0593d83b2ac8cbb8ca63b3151b0
  connection_pool (2.5.5) sha256=e54ff92855753df1fd7c59fa04a398833355f27dd14c074f8c83a05f72a716ad
  et-orbi (1.4.0) sha256=6c7e3c90779821f9e3b324c5e96fda9767f72995d6ae435b96678a4f3e2de8bc
  fugit (1.12.3) sha256=826d77739086482a6ac2805bc32693845395da688f637890cb4ca457dede2ec2
  logger (1.7.0)
  raabro (1.4.0) sha256=d4fa9ff5172391edb92b242eed8be802d1934b1464061ae5e70d80962c5da882
  redis-client (0.30.0) sha256=743f11ed42f0a41a0341554087b077479fec7e2d47a7c123fd90a12c0db5e477
  redlock (2.1.0) sha256=3345271631b459c66e640854dde339cf1be3f6fcfab36ff63d8ff70feac73bac
  rufus-scheduler (3.9.2) sha256=55fa9e4db0ff69d7f38c804f17baba0c9bce5cba39984ae3c5cf6c039d1323b9
  schked (1.4.0)
  thor (1.5.0) sha256=e3a9e55fe857e44859ce104a84675ab6e8cd59c650a49106a05f55f136425e73
  tzinfo (2.0.6) sha256=8daf828cc77bcf7d63b0e3bdb6caa47e2272dcfaf4fbfe46f8c3a9df087a829b

BUNDLED WITH
  4.0.10
